
Microsoft Visual Studio Solution File, Format Version 12.00
# Visual Studio Version 17
VisualStudioVersion = 17.4.33122.133
MinimumVisualStudioVersion = 10.0.40219.1
Project("{FAE04EC0-301F-11D3-BF4B-00C04F79EFBC}") = "WebApi", "WebApi\WebApi.csproj", "{F2105FE2-8476-4D95-BC88-D4F8E30EEE3E}"
EndProject
Project("{FAE04EC0-301F-11D3-BF4B-00C04F79EFBC}") = "Antohi_Ioana_Lab11", "Antohi_Ioana_Lab11\Antohi_Ioana_Lab11.csproj", "{0A7D264D-4027-40B1-9470-40A231FE1CE1}"
EndProject
Global
	GlobalSection(SolutionConfigurationPlatforms) = preSolution
		Debug|Any CPU = Debug|Any CPU
		Release|Any CPU = Release|Any CPU
	EndGlobalSection
	GlobalSection(ProjectConfigurationPlatforms) = postSolution
		{F2105FE2-8476-4D95-BC88-D4F8E30EEE3E}.Debug|Any CPU.ActiveCfg = Debug|Any CPU
		{F2105FE2-8476-4D95-BC88-D4F8E30EEE3E}.Debug|Any CPU.Build.0 = Debug|Any CPU
		{F2105FE2-8476-4D95-BC88-D4F8E30EEE3E}.Release|Any CPU.ActiveCfg = Release|Any CPU
		{F2105FE2-8476-4D95-BC88-D4F8E30EEE3E}.Release|Any CPU.Build.0 = Release|Any CPU
		{0A7D264D-4027-40B1-9470-40A231FE1CE1}.Debug|Any CPU.ActiveCfg = Debug|Any CPU
		{0A7D264D-4027-40B1-9470-40A231FE1CE1}.Debug|Any CPU.Build.0 = Debug|Any CPU
		{0A7D264D-4027-40B1-9470-40A231FE1CE1}.Debug|Any CPU.Deploy.0 = Debug|Any CPU
		{0A7D264D-4027-40B1-9470-40A231FE1CE1}.Release|Any CPU.ActiveCfg = Release|Any CPU
		{0A7D264D-4027-40B1-9470-40A231FE1CE1}.Release|Any CPU.Build.0 = Release|Any CPU
		{0A7D264D-4027-40B1-9470-40A231FE1CE1}.Release|Any CPU.Deploy.0 = Release|Any CPU
	EndGlobalSection
	GlobalSection(SolutionProperties) = preSolution
		HideSolutionNode = FALSE
	EndGlobalSection
	GlobalSection(ExtensibilityGlobals) = postSolution
		SolutionGuid = {7632AC9C-DA5A-4F08-9147-CDD1F043726F}
	EndGlobalSection
EndGlobal
